
Microsoft Visual Studio Solution File, Format Version 12.00
# Visual Studio Version 17
VisualStudioVersion = 17.9.34728.123
MinimumVisualStudioVersion = 10.0.40219.1
Project("{FAE04EC0-301F-11D3-BF4B-00C04F79EFBC}") = "CoffeChainManagement", "CoffeChainManagement\CoffeChainManagement.csproj", "{EB7C0C44-C172-437A-BC6E-6F3A4BCE33B0}"
EndProject
Global
	GlobalSection(SolutionConfigurationPlatforms) = preSolution
		Debug|Any CPU = Debug|Any CPU
		Release|Any CPU = Release|Any CPU
	EndGlobalSection
	GlobalSection(ProjectConfigurationPlatforms) = postSolution
		{EB7C0C44-C172-437A-BC6E-6F3A4BCE33B0}.Debug|Any CPU.ActiveCfg = Debug|Any CPU
		{EB7C0C44-C172-437A-BC6E-6F3A4BCE33B0}.Debug|Any CPU.Build.0 = Debug|Any CPU
		{EB7C0C44-C172-437A-BC6E-6F3A4BCE33B0}.Release|Any CPU.ActiveCfg = Release|Any CPU
		{EB7C0C44-C172-437A-BC6E-6F3A4BCE33B0}.Release|Any CPU.Build.0 = Release|Any CPU
	EndGlobalSection
	GlobalSection(SolutionProperties) = preSolution
		HideSolutionNode = FALSE
	EndGlobalSection
	GlobalSection(ExtensibilityGlobals) = postSolution
		SolutionGuid = {780C7DCC-DADB-4020-A3CB-E5252CB56203}
	EndGlobalSection
EndGlobal
